// !$*UTF8*$!
{
	archiveVersion = 1;
	classes = {
	};
	objectVersion = 48;
	objects = {

/* Begin PBXBuildFile section */
		743E17041FF0FA8B009CE8EC /* SplitViewController.swift in Sources */ = {isa = PBXBuildFile; fileRef = 743E17031FF0FA8B009CE8EC /* SplitViewController.swift */; };
		743E17061FF10879009CE8EC /* ChannelViewController.swift in Sources */ = {isa = PBXBuildFile; fileRef = 743E17051FF10879009CE8EC /* ChannelViewController.swift */; };
		744E14E71FEFBF260014A5D7 /* AppDelegate.swift in Sources */ = {isa = PBXBuildFile; fileRef = 744E14E61FEFBF260014A5D7 /* AppDelegate.swift */; };
		744E14E91FEFBF260014A5D7 /* LoginViewController.swift in Sources */ = {isa = PBXBuildFile; fileRef = 744E14E81FEFBF260014A5D7 /* LoginViewController.swift */; };
		744E14EB1FEFBF260014A5D7 /* Assets.xcassets in Resources */ = {isa = PBXBuildFile; fileRef = 744E14EA1FEFBF260014A5D7 /* Assets.xcassets */; };
		744E14EE1FEFBF260014A5D7 /* Main.storyboard in Resources */ = {isa = PBXBuildFile; fileRef = 744E14EC1FEFBF260014A5D7 /* Main.storyboard */; };
		744E14F71FEFC2D40014A5D7 /* MainWindowController.swift in Sources */ = {isa = PBXBuildFile; fileRef = 744E14F61FEFC2D40014A5D7 /* MainWindowController.swift */; };
		744E14F91FEFC3800014A5D7 /* CreateAccountViewController.swift in Sources */ = {isa = PBXBuildFile; fileRef = 744E14F81FEFC3800014A5D7 /* CreateAccountViewController.swift */; };
		8B9372CA9CB42212C10DD3AB /* Pods_Slack_Clone.framework in Frameworks */ = {isa = PBXBuildFile; fileRef = 9C45321C4E5CF905EDD87A61 /* Pods_Slack_Clone.framework */; };
/* End PBXBuildFile section */

/* Begin PBXFileReference section */
		57B669A39A2D39D284189B04 /* Pods-Slack Clone.release.xcconfig */ = {isa = PBXFileReference; includeInIndex = 1; lastKnownFileType = text.xcconfig; name = "Pods-Slack Clone.release.xcconfig"; path = "Pods/Target Support Files/Pods-Slack Clone/Pods-Slack Clone.release.xcconfig"; sourceTree = "<group>"; };
		743E17031FF0FA8B009CE8EC /* SplitViewController.swift */ = {isa = PBXFileReference; lastKnownFileType = sourcecode.swift; path = SplitViewController.swift; sourceTree = "<group>"; };
		743E17051FF10879009CE8EC /* ChannelViewController.swift */ = {isa = PBXFileReference; lastKnownFileType = sourcecode.swift; path = ChannelViewController.swift; sourceTree = "<group>"; };
		744E14E31FEFBF260014A5D7 /* Slack Clone.app */ = {isa = PBXFileReference; explicitFileType = wrapper.application; includeInIndex = 0; path = "Slack Clone.app"; sourceTree = BUILT_PRODUCTS_DIR; };
		744E14E61FEFBF260014A5D7 /* AppDelegate.swift */ = {isa = PBXFileReference; lastKnownFileType = sourcecode.swift; path = AppDelegate.swift; sourceTree = "<group>"; };
		744E14E81FEFBF260014A5D7 /* LoginViewController.swift */ = {isa = PBXFileReference; lastKnownFileType = sourcecode.swift; path = LoginViewController.swift; sourceTree = "<group>"; };
		744E14EA1FEFBF260014A5D7 /* Assets.xcassets */ = {isa = PBXFileReference; lastKnownFileType = folder.assetcatalog; path = Assets.xcassets; sourceTree = "<group>"; };
		744E14ED1FEFBF260014A5D7 /* Base */ = {isa = PBXFileReference; lastKnownFileType = file.storyboard; name = Base; path = Base.lproj/Main.storyboard; sourceTree = "<group>"; };
		744E14EF1FEFBF260014A5D7 /* Info.plist */ = {isa = PBXFileReference; lastKnownFileType = text.plist.xml; path = Info.plist; sourceTree = "<group>"; };
		744E14F01FEFBF260014A5D7 /* Slack_Clone.entitlements */ = {isa = PBXFileReference; lastKnownFileType = text.plist.entitlements; path = Slack_Clone.entitlements; sourceTree = "<group>"; };
		744E14F61FEFC2D40014A5D7 /* MainWindowController.swift */ = {isa = PBXFileReference; lastKnownFileType = sourcecode.swift; path = MainWindowController.swift; sourceTree = "<group>"; };
		744E14F81FEFC3800014A5D7 /* CreateAccountViewController.swift */ = {isa = PBXFileReference; lastKnownFileType = sourcecode.swift; path = CreateAccountViewController.swift; sourceTree = "<group>"; };
		8EDC7A188BEDA0FF21871EE2 /* Pods-Slack Clone.debug.xcconfig */ = {isa = PBXFileReference; includeInIndex = 1; lastKnownFileType = text.xcconfig; name = "Pods-Slack Clone.debug.xcconfig"; path = "Pods/Target Support Files/Pods-Slack Clone/Pods-Slack Clone.debug.xcconfig"; sourceTree = "<group>"; };
		9C45321C4E5CF905EDD87A61 /* Pods_Slack_Clone.framework */ = {isa = PBXFileReference; explicitFileType = wrapper.framework; includeInIndex = 0; path = Pods_Slack_Clone.framework; sourceTree = BUILT_PRODUCTS_DIR; };
/* End PBXFileReference section */

/* Begin PBXFrameworksBuildPhase section */
		744E14E01FEFBF260014A5D7 /* Frameworks */ = {
			isa = PBXFrameworksBuildPhase;
			buildActionMask = 2147483647;
			files = (
				8B9372CA9CB42212C10DD3AB /* Pods_Slack_Clone.framework in Frameworks */,
			);
			runOnlyForDeploymentPostprocessing = 0;
		};
/* End PBXFrameworksBuildPhase section */

/* Begin PBXGroup section */
		5DE1F66889972E820F828125 /* Pods */ = {
			isa = PBXGroup;
			children = (
				8EDC7A188BEDA0FF21871EE2 /* Pods-Slack Clone.debug.xcconfig */,
				57B669A39A2D39D284189B04 /* Pods-Slack Clone.release.xcconfig */,
			);
			name = Pods;
			sourceTree = "<group>";
		};
		744E14DA1FEFBF260014A5D7 = {
			isa = PBXGroup;
			children = (
				744E14E51FEFBF260014A5D7 /* Slack Clone */,
				744E14E41FEFBF260014A5D7 /* Products */,
				5DE1F66889972E820F828125 /* Pods */,
				9A51232ECB542C0EBAFBB534 /* Frameworks */,
			);
			sourceTree = "<group>";
		};
		744E14E41FEFBF260014A5D7 /* Products */ = {
			isa = PBXGroup;
			children = (
				744E14E31FEFBF260014A5D7 /* Slack Clone.app */,
			);
			name = Products;
			sourceTree = "<group>";
		};
		744E14E51FEFBF260014A5D7 /* Slack Clone */ = {
			isa = PBXGroup;
			children = (
				744E14E61FEFBF260014A5D7 /* AppDelegate.swift */,
				744E14F61FEFC2D40014A5D7 /* MainWindowController.swift */,
				744E14E81FEFBF260014A5D7 /* LoginViewController.swift */,
				744E14F81FEFC3800014A5D7 /* CreateAccountViewController.swift */,
				743E17031FF0FA8B009CE8EC /* SplitViewController.swift */,
				743E17051FF10879009CE8EC /* ChannelViewController.swift */,
				744E14EA1FEFBF260014A5D7 /* Assets.xcassets */,
				744E14EC1FEFBF260014A5D7 /* Main.storyboard */,
				744E14EF1FEFBF260014A5D7 /* Info.plist */,
				744E14F01FEFBF260014A5D7 /* Slack_Clone.entitlements */,
			);
			path = "Slack Clone";
			sourceTree = "<group>";
		};
		9A51232ECB542C0EBAFBB534 /* Frameworks */ = {
			isa = PBXGroup;
			children = (
				9C45321C4E5CF905EDD87A61 /* Pods_Slack_Clone.framework */,
			);
			name = Frameworks;
			sourceTree = "<group>";
		};
/* End PBXGroup section */

/* Begin PBXNativeTarget section */
		744E14E21FEFBF260014A5D7 /* Slack Clone */ = {
			isa = PBXNativeTarget;
			buildConfigurationList = 744E14F31FEFBF260014A5D7 /* Build configuration list for PBXNativeTarget "Slack Clone" */;
			buildPhases = (
				50B3C784B987753C8B2D0D94 /* [CP] Check Pods Manifest.lock */,
				744E14DF1FEFBF260014A5D7 /* Sources */,
				744E14E01FEFBF260014A5D7 /* Frameworks */,
				744E14E11FEFBF260014A5D7 /* Resources */,
				1DEA41CBC52E14EA83C8247E /* [CP] Embed Pods Frameworks */,
				BC8FD2DC86216A734CDA5F57 /* [CP] Copy Pods Resources */,
			);
			buildRules = (
			);
			dependencies = (
			);
			name = "Slack Clone";
			productName = "Slack Clone";
			productReference = 744E14E31FEFBF260014A5D7 /* Slack Clone.app */;
			productType = "com.apple.product-type.application";
		};
/* End PBXNativeTarget section */

/* Begin PBXProject section */
		744E14DB1FEFBF260014A5D7 /* Project object */ = {
			isa = PBXProject;
			attributes = {
				LastSwiftUpdateCheck = 0900;
				LastUpgradeCheck = 0900;
				ORGANIZATIONNAME = hacktiv8;
				TargetAttributes = {
					744E14E21FEFBF260014A5D7 = {
						CreatedOnToolsVersion = 9.0;
					};
				};
			};
			buildConfigurationList = 744E14DE1FEFBF260014A5D7 /* Build configuration list for PBXProject "Slack Clone" */;
			compatibilityVersion = "Xcode 8.0";
			developmentRegion = en;
			hasScannedForEncodings = 0;
			knownRegions = (
				en,
				Base,
			);
			mainGroup = 744E14DA1FEFBF260014A5D7;
			productRefGroup = 744E14E41FEFBF260014A5D7 /* Products */;
			projectDirPath = "";
			projectRoot = "";
			targets = (
				744E14E21FEFBF260014A5D7 /* Slack Clone */,
			);
		};
/* End PBXProject section */

/* Begin PBXResourcesBuildPhase section */
		744E14E11FEFBF260014A5D7 /* Resources */ = {
			isa = PBXResourcesBuildPhase;
			buildActionMask = 2147483647;
			files = (
				744E14EB1FEFBF260014A5D7 /* Assets.xcassets in Resources */,
				744E14EE1FEFBF260014A5D7 /* Main.storyboard in Resources */,
			);
			runOnlyForDeploymentPostprocessing = 0;
		};
/* End PBXResourcesBuildPhase section */

/* Begin PBXShellScriptBuildPhase section */
		1DEA41CBC52E14EA83C8247E /* [CP] Embed Pods Frameworks */ = {
			isa = PBXShellScriptBuildPhase;
			buildActionMask = 2147483647;
			files = (
			);
			inputPaths = (
			);
			name = "[CP] Embed Pods Frameworks";
			outputPaths = (
			);
			runOnlyForDeploymentPostprocessing = 0;
			shellPath = /bin/sh;
			shellScript = "\"${SRCROOT}/Pods/Target Support Files/Pods-Slack Clone/Pods-Slack Clone-frameworks.sh\"\n";
			showEnvVarsInLog = 0;
		};
		50B3C784B987753C8B2D0D94 /* [CP] Check Pods Manifest.lock */ = {
			isa = PBXShellScriptBuildPhase;
			buildActionMask = 2147483647;
			files = (
			);
			inputPaths = (
			);
			name = "[CP] Check Pods Manifest.lock";
			outputPaths = (
			);
			runOnlyForDeploymentPostprocessing = 0;
			shellPath = /bin/sh;
			shellScript = "diff \"${PODS_ROOT}/../Podfile.lock\" \"${PODS_ROOT}/Manifest.lock\" > /dev/null\nif [ $? != 0 ] ; then\n    # print error to STDERR\n    echo \"error: The sandbox is not in sync with the Podfile.lock. Run 'pod install' or update your CocoaPods installation.\" >&2\n    exit 1\nfi\n";
			showEnvVarsInLog = 0;
		};
		BC8FD2DC86216A734CDA5F57 /* [CP] Copy Pods Resources */ = {
			isa = PBXShellScriptBuildPhase;
			buildActionMask = 2147483647;
			files = (
			);
			inputPaths = (
			);
			name = "[CP] Copy Pods Resources";
			outputPaths = (
			);
			runOnlyForDeploymentPostprocessing = 0;
			shellPath = /bin/sh;
			shellScript = "\"${SRCROOT}/Pods/Target Support Files/Pods-Slack Clone/Pods-Slack Clone-resources.sh\"\n";
			showEnvVarsInLog = 0;
		};
/* End PBXShellScriptBuildPhase section */

/* Begin PBXSourcesBuildPhase section */
		744E14DF1FEFBF260014A5D7 /* Sources */ = {
			isa = PBXSourcesBuildPhase;
			buildActionMask = 2147483647;
			files = (
				743E17041FF0FA8B009CE8EC /* SplitViewController.swift in Sources */,
				744E14F91FEFC3800014A5D7 /* CreateAccountViewController.swift in Sources */,
				744E14E91FEFBF260014A5D7 /* LoginViewController.swift in Sources */,
				744E14E71FEFBF260014A5D7 /* AppDelegate.swift in Sources */,
				743E17061FF10879009CE8EC /* ChannelViewController.swift in Sources */,
				744E14F71FEFC2D40014A5D7 /* MainWindowController.swift in Sources */,
			);
			runOnlyForDeploymentPostprocessing = 0;
		};
/* End PBXSourcesBuildPhase section */

/* Begin PBXVariantGroup section */
		744E14EC1FEFBF260014A5D7 /* Main.storyboard */ = {
			isa = PBXVariantGroup;
			children = (
				744E14ED1FEFBF260014A5D7 /* Base */,
			);
			name = Main.storyboard;
			sourceTree = "<group>";
		};
/* End PBXVariantGroup section */

/* Begin XCBuildConfiguration section */
		744E14F11FEFBF260014A5D7 /* Debug */ = {
			isa = XCBuildConfiguration;
			buildSettings = {
				ALWAYS_SEARCH_USER_PATHS = NO;
				CLANG_ANALYZER_NONNULL = YES;
				CLANG_ANALYZER_NUMBER_OBJECT_CONVERSION = YES_AGGRESSIVE;
				CLANG_CXX_LANGUAGE_STANDARD = "gnu++14";
				CLANG_CXX_LIBRARY = "libc++";
				CLANG_ENABLE_MODULES = YES;
				CLANG_ENABLE_OBJC_ARC = YES;
				CLANG_WARN_BLOCK_CAPTURE_AUTORELEASING = YES;
				CLANG_WARN_BOOL_CONVERSION = YES;
				CLANG_WARN_COMMA = YES;
				CLANG_WARN_CONSTANT_CONVERSION = YES;
				CLANG_WARN_DIRECT_OBJC_ISA_USAGE = YES_ERROR;
				CLANG_WARN_DOCUMENTATION_COMMENTS = YES;
				CLANG_WARN_EMPTY_BODY = YES;
				CLANG_WARN_ENUM_CONVERSION = YES;
				CLANG_WARN_INFINITE_RECURSION = YES;
				CLANG_WARN_INT_CONVERSION = YES;
				CLANG_WARN_NON_LITERAL_NULL_CONVERSION = YES;
				CLANG_WARN_OBJC_LITERAL_CONVERSION = YES;
				CLANG_WARN_OBJC_ROOT_CLASS = YES_ERROR;
				CLANG_WARN_RANGE_LOOP_ANALYSIS = YES;
				CLANG_WARN_STRICT_PROTOTYPES = YES;
				CLANG_WARN_SUSPICIOUS_MOVE = YES;
				CLANG_WARN_UNGUARDED_AVAILABILITY = YES_AGGRESSIVE;
				CLANG_WARN_UNREACHABLE_CODE = YES;
				CLANG_WARN__DUPLICATE_METHOD_MATCH = YES;
				CODE_SIGN_IDENTITY = "-";
				COPY_PHASE_STRIP = NO;
				DEBUG_INFORMATION_FORMAT = dwarf;
				ENABLE_STRICT_OBJC_MSGSEND = YES;
				ENABLE_TESTABILITY = YES;
				GCC_C_LANGUAGE_STANDARD = gnu11;
				GCC_DYNAMIC_NO_PIC = NO;
				GCC_NO_COMMON_BLOCKS = YES;
				GCC_OPTIMIZATION_LEVEL = 0;
				GCC_PREPROCESSOR_DEFINITIONS = (
					"DEBUG=1",
					"$(inherited)",
				);
				GCC_WARN_64_TO_32_BIT_CONVERSION = YES;
				GCC_WARN_ABOUT_RETURN_TYPE = YES_ERROR;
				GCC_WARN_UNDECLARED_SELECTOR = YES;
				GCC_WARN_UNINITIALIZED_AUTOS = YES_AGGRESSIVE;
				GCC_WARN_UNUSED_FUNCTION = YES;
				GCC_WARN_UNUSED_VARIABLE = YES;
				MACOSX_DEPLOYMENT_TARGET = 10.13;
				MTL_ENABLE_DEBUG_INFO = YES;
				ONLY_ACTIVE_ARCH = YES;
				SDKROOT = macosx;
				SWIFT_ACTIVE_COMPILATION_CONDITIONS = DEBUG;
				SWIFT_OPTIMIZATION_LEVEL = "-Onone";
			};
			name = Debug;
		};
		744E14F21FEFBF260014A5D7 /* Release */ = {
			isa = XCBuildConfiguration;
			buildSettings = {
				ALWAYS_SEARCH_USER_PATHS = NO;
				CLANG_ANALYZER_NONNULL = YES;
				CLANG_ANALYZER_NUMBER_OBJECT_CONVERSION = YES_AGGRESSIVE;
				CLANG_CXX_LANGUAGE_STANDARD = "gnu++14";
				CLANG_CXX_LIBRARY = "libc++";
				CLANG_ENABLE_MODULES = YES;
				CLANG_ENABLE_OBJC_ARC = YES;
				CLANG_WARN_BLOCK_CAPTURE_AUTORELEASING = YES;
				CLANG_WARN_BOOL_CONVERSION = YES;
				CLANG_WARN_COMMA = YES;
				CLANG_WARN_CONSTANT_CONVERSION = YES;
				CLANG_WARN_DIRECT_OBJC_ISA_USAGE = YES_ERROR;
				CLANG_WARN_DOCUMENTATION_COMMENTS = YES;
				CLANG_WARN_EMPTY_BODY = YES;
				CLANG_WARN_ENUM_CONVERSION = YES;
				CLANG_WARN_INFINITE_RECURSION = YES;
				CLANG_WARN_INT_CONVERSION = YES;
				CLANG_WARN_NON_LITERAL_NULL_CONVERSION = YES;
				CLANG_WARN_OBJC_LITERAL_CONVERSION = YES;
				CLANG_WARN_OBJC_ROOT_CLASS = YES_ERROR;
				CLANG_WARN_RANGE_LOOP_ANALYSIS = YES;
				CLANG_WARN_STRICT_PROTOTYPES = YES;
				CLANG_WARN_SUSPICIOUS_MOVE = YES;
				CLANG_WARN_UNGUARDED_AVAILABILITY = YES_AGGRESSIVE;
				CLANG_WARN_UNREACHABLE_CODE = YES;
				CLANG_WARN__DUPLICATE_METHOD_MATCH = YES;
				CODE_SIGN_IDENTITY = "-";
				COPY_PHASE_STRIP = NO;
				DEBUG_INFORMATION_FORMAT = "dwarf-with-dsym";
				ENABLE_NS_ASSERTIONS = NO;
				ENABLE_STRICT_OBJC_MSGSEND = YES;
				GCC_C_LANGUAGE_STANDARD = gnu11;
				GCC_NO_COMMON_BLOCKS = YES;
				GCC_WARN_64_TO_32_BIT_CONVERSION = YES;
				GCC_WARN_ABOUT_RETURN_TYPE = YES_ERROR;
				GCC_WARN_UNDECLARED_SELECTOR = YES;
				GCC_WARN_UNINITIALIZED_AUTOS = YES_AGGRESSIVE;
				GCC_WARN_UNUSED_FUNCTION = YES;
				GCC_WARN_UNUSED_VARIABLE = YES;
				MACOSX_DEPLOYMENT_TARGET = 10.13;
				MTL_ENABLE_DEBUG_INFO = NO;
				SDKROOT = macosx;
				SWIFT_OPTIMIZATION_LEVEL = "-Owholemodule";
			};
			name = Release;
		};
		744E14F41FEFBF260014A5D7 /* Debug */ = {
			isa = XCBuildConfiguration;
			baseConfigurationReference = 8EDC7A188BEDA0FF21871EE2 /* Pods-Slack Clone.debug.xcconfig */;
			buildSettings = {
				ASSETCATALOG_COMPILER_APPICON_NAME = AppIcon;
				CODE_SIGN_ENTITLEMENTS = "Slack Clone/Slack_Clone.entitlements";
				COMBINE_HIDPI_IMAGES = YES;
				INFOPLIST_FILE = "Slack Clone/Info.plist";
				LD_RUNPATH_SEARCH_PATHS = "$(inherited) @executable_path/../Frameworks";
				PRODUCT_BUNDLE_IDENTIFIER = "com.hacktiv8.Slack-Clone";
				PRODUCT_NAME = "$(TARGET_NAME)";
				SWIFT_VERSION = 4.0;
			};
			name = Debug;
		};
		744E14F51FEFBF260014A5D7 /* Release */ = {
			isa = XCBuildConfiguration;
			baseConfigurationReference = 57B669A39A2D39D284189B04 /* Pods-Slack Clone.release.xcconfig */;
			buildSettings = {
				ASSETCATALOG_COMPILER_APPICON_NAME = AppIcon;
				CODE_SIGN_ENTITLEMENTS = "Slack Clone/Slack_Clone.entitlements";
				COMBINE_HIDPI_IMAGES = YES;
				INFOPLIST_FILE = "Slack Clone/Info.plist";
				LD_RUNPATH_SEARCH_PATHS = "$(inherited) @executable_path/../Frameworks";
				PRODUCT_BUNDLE_IDENTIFIER = "com.hacktiv8.Slack-Clone";
				PRODUCT_NAME = "$(TARGET_NAME)";
				SWIFT_VERSION = 4.0;
			};
			name = Release;
		};
/* End XCBuildConfiguration section */

/* Begin XCConfigurationList section */
		744E14DE1FEFBF260014A5D7 /* Build configuration list for PBXProject "Slack Clone" */ = {
			isa = XCConfigurationList;
			buildConfigurations = (
				744E14F11FEFBF260014A5D7 /* Debug */,
				744E14F21FEFBF260014A5D7 /* Release */,
			);
			defaultConfigurationIsVisible = 0;
			defaultConfigurationName = Release;
		};
		744E14F31FEFBF260014A5D7 /* Build configuration list for PBXNativeTarget "Slack Clone" */ = {
			isa = XCConfigurationList;
			buildConfigurations = (
				744E14F41FEFBF260014A5D7 /* Debug */,
				744E14F51FEFBF260014A5D7 /* Release */,
			);
			defaultConfigurationIsVisible = 0;
			defaultConfigurationName = Release;
		};
/* End XCConfigurationList section */
	};
	rootObject = 744E14DB1FEFBF260014A5D7 /* Project object */;
}
